
Microsoft Visual Studio Solution File, Format Version 11.00
# Visual Studio 2010
Project("{8BC9CEB8-8B4A-11D0-8D11-00A0C91BC942}") = "AmitCompi1", "AmitCompi1\AmitCompi1.vcxproj", "{5B3B4279-CDAE-4BF7-97A4-963051D09C32}"
EndProject
Global
	GlobalSection(SolutionConfigurationPlatforms) = preSolution
		Debug|Win32 = Debug|Win32
		Release|Win32 = Release|Win32
	EndGlobalSection
	GlobalSection(ProjectConfigurationPlatforms) = postSolution
		{5B3B4279-CDAE-4BF7-97A4-963051D09C32}.Debug|Win32.ActiveCfg = Debug|Win32
		{5B3B4279-CDAE-4BF7-97A4-963051D09C32}.Debug|Win32.Build.0 = Debug|Win32
		{5B3B4279-CDAE-4BF7-97A4-963051D09C32}.Release|Win32.ActiveCfg = Release|Win32
		{5B3B4279-CDAE-4BF7-97A4-963051D09C32}.Release|Win32.Build.0 = Release|Win32
	EndGlobalSection
	GlobalSection(SolutionProperties) = preSolution
		HideSolutionNode = FALSE
	EndGlobalSection
EndGlobal
